
Microsoft Visual Studio Solution File, Format Version 12.00
# Visual Studio Version 17
VisualStudioVersion = 17.5.002.0
MinimumVisualStudioVersion = 10.0.40219.1
Project("{9A19103F-16F7-4668-BE54-9A1E7A4F7556}") = "api", "api\api.csproj", "{BDFA8223-3DAB-4D35-9628-7271EDED309C}"
EndProject
Global
	GlobalSection(SolutionConfigurationPlatforms) = preSolution
		Debug|Any CPU = Debug|Any CPU
		Release|Any CPU = Release|Any CPU
	EndGlobalSection
	GlobalSection(ProjectConfigurationPlatforms) = postSolution
		{BDFA8223-3DAB-4D35-9628-7271EDED309C}.Debug|Any CPU.ActiveCfg = Debug|Any CPU
		{BDFA8223-3DAB-4D35-9628-7271EDED309C}.Debug|Any CPU.Build.0 = Debug|Any CPU
		{BDFA8223-3DAB-4D35-9628-7271EDED309C}.Release|Any CPU.ActiveCfg = Release|Any CPU
		{BDFA8223-3DAB-4D35-9628-7271EDED309C}.Release|Any CPU.Build.0 = Release|Any CPU
	EndGlobalSection
	GlobalSection(SolutionProperties) = preSolution
		HideSolutionNode = FALSE
	EndGlobalSection
	GlobalSection(ExtensibilityGlobals) = postSolution
		SolutionGuid = {FEAD00FA-1C26-4015-B725-D43157BFF648}
	EndGlobalSection
EndGlobal
